<?xml version="1.0" encoding="utf-8"?>
<Project ToolsVersion="4.0" xmlns="http://schemas.microsoft.com/developer/msbuild/2003">
  <ItemGroup>
    <Filter Include="src">
      <UniqueIdentifier>{4FC737F1-C7A5-4376-A066-2A32D752A2FF}</UniqueIdentifier>
      <Extensions>cpp;c;cc;cxx;def;odl;idl;hpj;bat;asm;asmx</Extensions>
    </Filter>
    <Filter Include="src\graphics">
      <UniqueIdentifier>{23bd671b-d3c0-4ba4-a49e-95c54053fea8}</UniqueIdentifier>
    </Filter>
  </ItemGroup>
  <ItemGroup>
    <ClCompile Include="main.cpp" />
    <ClCompile Include="src\graphics\window.cpp">
      <Filter>src\graphics</Filter>
    </ClCompile>
    <ClCompile Include="src\IO\input.cpp">
      <Filter>src</Filter>
    </ClCompile>
    <ClCompile Include="src\Math\math.cpp">
      <Filter>src</Filter>
    </ClCompile>
    <ClCompile Include="src\Utils\fileutils.cpp">
      <Filter>src</Filter>
    </ClCompile>
    <ClCompile Include="src\graphics\shader.cpp">
      <Filter>src</Filter>
    </ClCompile>
  </ItemGroup>
  <ItemGroup>
    <ClInclude Include="src\graphics\window.h">
      <Filter>src\graphics</Filter>
    </ClInclude>
    <ClInclude Include="src\IO\input.h" />
    <ClInclude Include="src\Math\math.h" />
    <ClInclude Include="src\Utils\fileutils.h" />
    <ClInclude Include="src\graphics\shader.h" />
  </ItemGroup>
  <ItemGroup>
    <None Include="src\shaders\basic.vert" />
    <None Include="src\shaders\basic.frag" />
  </ItemGroup>
</Project>